
Microsoft Visual Studio Solution File, Format Version 12.00
# Visual Studio Version 17
VisualStudioVersion = 17.11.35312.102
MinimumVisualStudioVersion = 10.0.40219.1
Project("{FAE04EC0-301F-11D3-BF4B-00C04F79EFBC}") = "WorkFlowCoreApiTesting", "WorkFlowCoreApiTesting\WorkFlowCoreApiTesting.csproj", "{BBBBB3EA-1E43-4A98-BF89-37EDCC0AC609}"
EndProject
Global
	GlobalSection(SolutionConfigurationPlatforms) = preSolution
		Debug|Any CPU = Debug|Any CPU
		Release|Any CPU = Release|Any CPU
	EndGlobalSection
	GlobalSection(ProjectConfigurationPlatforms) = postSolution
		{BBBBB3EA-1E43-4A98-BF89-37EDCC0AC609}.Debug|Any CPU.ActiveCfg = Debug|Any CPU
		{BBBBB3EA-1E43-4A98-BF89-37EDCC0AC609}.Debug|Any CPU.Build.0 = Debug|Any CPU
		{BBBBB3EA-1E43-4A98-BF89-37EDCC0AC609}.Release|Any CPU.ActiveCfg = Release|Any CPU
		{BBBBB3EA-1E43-4A98-BF89-37EDCC0AC609}.Release|Any CPU.Build.0 = Release|Any CPU
	EndGlobalSection
	GlobalSection(SolutionProperties) = preSolution
		HideSolutionNode = FALSE
	EndGlobalSection
	GlobalSection(ExtensibilityGlobals) = postSolution
		SolutionGuid = {8FB47B62-4035-4DEB-9CCC-C0E49CBE536B}
	EndGlobalSection
EndGlobal
